
Microsoft Visual Studio Solution File, Format Version 12.00
# Visual Studio Version 17
VisualStudioVersion = 17.13.35806.99 d17.13
MinimumVisualStudioVersion = 10.0.40219.1
Project("{FAE04EC0-301F-11D3-BF4B-00C04F79EFBC}") = "main", "main.csproj", "{8FD2770D-9DB1-4B82-8416-152278312F58}"
EndProject
Project("{FAE04EC0-301F-11D3-BF4B-00C04F79EFBC}") = "DAL", "..\DAL\DAL.csproj", "{75B18BBC-7025-421D-B972-E45530E0D409}"
EndProject
Project("{FAE04EC0-301F-11D3-BF4B-00C04F79EFBC}") = "BLL", "..\BLL\BLL.csproj", "{74013A5B-1750-4393-A240-F6D2A384642C}"
EndProject
Global
	GlobalSection(SolutionConfigurationPlatforms) = preSolution
		Debug|Any CPU = Debug|Any CPU
		Release|Any CPU = Release|Any CPU
	EndGlobalSection
	GlobalSection(ProjectConfigurationPlatforms) = postSolution
		{8FD2770D-9DB1-4B82-8416-152278312F58}.Debug|Any CPU.ActiveCfg = Debug|Any CPU
		{8FD2770D-9DB1-4B82-8416-152278312F58}.Debug|Any CPU.Build.0 = Debug|Any CPU
		{8FD2770D-9DB1-4B82-8416-152278312F58}.Release|Any CPU.ActiveCfg = Release|Any CPU
		{8FD2770D-9DB1-4B82-8416-152278312F58}.Release|Any CPU.Build.0 = Release|Any CPU
		{75B18BBC-7025-421D-B972-E45530E0D409}.Debug|Any CPU.ActiveCfg = Debug|Any CPU
		{75B18BBC-7025-421D-B972-E45530E0D409}.Debug|Any CPU.Build.0 = Debug|Any CPU
		{75B18BBC-7025-421D-B972-E45530E0D409}.Release|Any CPU.ActiveCfg = Release|Any CPU
		{75B18BBC-7025-421D-B972-E45530E0D409}.Release|Any CPU.Build.0 = Release|Any CPU
		{74013A5B-1750-4393-A240-F6D2A384642C}.Debug|Any CPU.ActiveCfg = Debug|Any CPU
		{74013A5B-1750-4393-A240-F6D2A384642C}.Debug|Any CPU.Build.0 = Debug|Any CPU
		{74013A5B-1750-4393-A240-F6D2A384642C}.Release|Any CPU.ActiveCfg = Release|Any CPU
		{74013A5B-1750-4393-A240-F6D2A384642C}.Release|Any CPU.Build.0 = Release|Any CPU
	EndGlobalSection
	GlobalSection(SolutionProperties) = preSolution
		HideSolutionNode = FALSE
	EndGlobalSection
	GlobalSection(ExtensibilityGlobals) = postSolution
		SolutionGuid = {7D92ADE2-F768-4A41-AF61-A991B5DE3942}
	EndGlobalSection
EndGlobal
